<Project xmlns="http://schemas.microsoft.com/developer/msbuild/2003">
    <PropertyGroup>
        <ProjectGuid>{6012D5EA-CE90-44CD-9767-740D7A888CE8}</ProjectGuid>
        <MainSource>AcrylicComponents.dpk</MainSource>
        <ProjectVersion>20.1</ProjectVersion>
        <FrameworkType>VCL</FrameworkType>
        <Base>True</Base>
        <Config Condition="'$(Config)'==''">Release</Config>
        <Platform Condition="'$(Platform)'==''">Win32</Platform>
        <TargetedPlatforms>3</TargetedPlatforms>
        <AppType>Package</AppType>
        <ProjectName Condition="'$(ProjectName)'==''">AcrylicComponents</ProjectName>
    </PropertyGroup>
    <PropertyGroup Condition="'$(Config)'=='Base' or '$(Base)'!=''">
        <Base>true</Base>
    </PropertyGroup>
    <PropertyGroup Condition="('$(Platform)'=='Win32' and '$(Base)'=='true') or '$(Base_Win32)'!=''">
        <Base_Win32>true</Base_Win32>
        <CfgParent>Base</CfgParent>
        <Base>true</Base>
    </PropertyGroup>
    <PropertyGroup Condition="('$(Platform)'=='Win64' and '$(Base)'=='true') or '$(Base_Win64)'!=''">
        <Base_Win64>true</Base_Win64>
        <CfgParent>Base</CfgParent>
        <Base>true</Base>
    </PropertyGroup>
    <PropertyGroup Condition="('$(Platform)'=='Win64x' and '$(Base)'=='true') or '$(Base_Win64x)'!=''">
        <Base_Win64x>true</Base_Win64x>
        <CfgParent>Base</CfgParent>
        <Base>true</Base>
    </PropertyGroup>
    <PropertyGroup Condition="'$(Config)'=='Debug' or '$(Cfg_1)'!=''">
        <Cfg_1>true</Cfg_1>
        <CfgParent>Base</CfgParent>
        <Base>true</Base>
    </PropertyGroup>
    <PropertyGroup Condition="('$(Platform)'=='Win32' and '$(Cfg_1)'=='true') or '$(Cfg_1_Win32)'!=''">
        <Cfg_1_Win32>true</Cfg_1_Win32>
        <CfgParent>Cfg_1</CfgParent>
        <Cfg_1>true</Cfg_1>
        <Base>true</Base>
    </PropertyGroup>
    <PropertyGroup Condition="'$(Config)'=='Release' or '$(Cfg_2)'!=''">
        <Cfg_2>true</Cfg_2>
        <CfgParent>Base</CfgParent>
        <Base>true</Base>
    </PropertyGroup>
    <PropertyGroup Condition="'$(Base)'!=''">
        <DCC_DcuOutput>$(BDSLIB)\$(Platform)\release</DCC_DcuOutput>
        <DCC_ExeOutput>.\$(Platform)\$(Config)</DCC_ExeOutput>
        <DCC_E>false</DCC_E>
        <DCC_N>false</DCC_N>
        <DCC_S>false</DCC_S>
        <DCC_F>false</DCC_F>
        <DCC_K>false</DCC_K>
        <GenDll>true</GenDll>
        <GenPackage>true</GenPackage>
        <DCC_Namespace>System;Xml;Data;Datasnap;Web;Soap;Vcl;Vcl.Imaging;Vcl.Touch;Vcl.Samples;Vcl.Shell;$(DCC_Namespace)</DCC_Namespace>
        <DCC_CBuilderOutput>All</DCC_CBuilderOutput>
        <SanitizedProjectName>AcrylicComponents</SanitizedProjectName>
        <VerInfo_Locale>1033</VerInfo_Locale>
        <VerInfo_Keys>CompanyName=;FileDescription=$(MSBuildProjectName);FileVersion=1.0.0.0;InternalName=;LegalCopyright=;LegalTrademarks=;OriginalFilename=;ProgramID=com.embarcadero.$(MSBuildProjectName);ProductName=$(MSBuildProjectName);ProductVersion=1.0.0.0;Comments=</VerInfo_Keys>
        <PostBuildEvent><![CDATA[xcopy src\*.dfm "$(BDSLIB)\$(Platform)\release\" /sy
$(PostBuildEvent)]]></PostBuildEvent>
    </PropertyGroup>
    <PropertyGroup Condition="'$(Base_Win32)'!=''">
        <DCC_Namespace>Winapi;System.Win;Data.Win;Datasnap.Win;Web.Win;Soap.Win;Xml.Win;Bde;$(DCC_Namespace)</DCC_Namespace>
        <BT_BuildType>Debug</BT_BuildType>
        <VerInfo_IncludeVerInfo>true</VerInfo_IncludeVerInfo>
        <DCC_UsePackage>vclimg;vcl;rtl;$(DCC_UsePackage)</DCC_UsePackage>
    </PropertyGroup>
    <PropertyGroup Condition="'$(Base_Win64)'!=''">
        <DCC_UsePackage>vclimg;vcl;rtl;$(DCC_UsePackage)</DCC_UsePackage>
        <DCC_Namespace>Winapi;System.Win;Data.Win;Datasnap.Win;Web.Win;Soap.Win;Xml.Win;$(DCC_Namespace)</DCC_Namespace>
        <BT_BuildType>Debug</BT_BuildType>
        <VerInfo_IncludeVerInfo>true</VerInfo_IncludeVerInfo>
    </PropertyGroup>
    <PropertyGroup Condition="'$(Base_Win64x)'!=''">
        <DCC_Namespace>Winapi;System.Win;Data.Win;Datasnap.Win;Web.Win;Soap.Win;Xml.Win;$(DCC_Namespace)</DCC_Namespace>
        <BT_BuildType>Debug</BT_BuildType>
        <VerInfo_IncludeVerInfo>true</VerInfo_IncludeVerInfo>
    </PropertyGroup>
    <PropertyGroup Condition="'$(Cfg_1)'!=''">
        <DCC_Define>DEBUG;$(DCC_Define)</DCC_Define>
        <DCC_DebugDCUs>true</DCC_DebugDCUs>
        <DCC_Optimize>false</DCC_Optimize>
        <DCC_GenerateStackFrames>true</DCC_GenerateStackFrames>
        <DCC_DebugInfoInExe>true</DCC_DebugInfoInExe>
        <DCC_RemoteDebug>true</DCC_RemoteDebug>
    </PropertyGroup>
    <PropertyGroup Condition="'$(Cfg_1_Win32)'!=''">
        <DCC_RemoteDebug>false</DCC_RemoteDebug>
        <VerInfo_IncludeVerInfo>true</VerInfo_IncludeVerInfo>
        <DCC_IMPLICIT_IMPORT>false</DCC_IMPLICIT_IMPORT>
    </PropertyGroup>
    <PropertyGroup Condition="'$(Cfg_2)'!=''">
        <DCC_LocalDebugSymbols>false</DCC_LocalDebugSymbols>
        <DCC_Define>RELEASE;$(DCC_Define)</DCC_Define>
        <DCC_SymbolReferenceInfo>0</DCC_SymbolReferenceInfo>
        <DCC_DebugInformation>0</DCC_DebugInformation>
    </PropertyGroup>
    <ItemGroup>
        <DelphiCompile Include="$(MainSource)">
            <MainSource>MainSource</MainSource>
        </DelphiCompile>
        <DCCReference Include="rtl.dcp"/>
        <DCCReference Include="vclimg.dcp"/>
        <DCCReference Include="vcl.dcp"/>
        <DCCReference Include="src\AcrylicControlU.pas"/>
        <DCCReference Include="src\AcrylicPanelU.pas"/>
        <DCCReference Include="src\AcrylicPopUpU.pas"/>
        <DCCReference Include="src\AcrylicFrameU.pas"/>
        <DCCReference Include="src\AcrylicScrollBoxU.pas"/>
        <DCCReference Include="src\AcrylicTypesU.pas"/>
        <DCCReference Include="src\AcrylicUtilsU.pas"/>
        <DCCReference Include="src\AcrylicButtonU.pas"/>
        <DCCReference Include="src\AcrylicLabelU.pas"/>
        <DCCReference Include="src\AcrylicKnobU.pas"/>
        <DCCReference Include="src\AcrylicSliderU.pas"/>
        <DCCReference Include="src\AcrylicFormU.pas"/>
        <DCCReference Include="deps\GR32\amEasing.pas"/>
        <DCCReference Include="deps\GR32\GR32.BigEndian.pas"/>
        <DCCReference Include="deps\GR32\GR32.Blend.Assembler.pas"/>
        <DCCReference Include="deps\GR32\GR32.Blend.Pascal.pas"/>
        <DCCReference Include="deps\GR32\GR32.Blend.SSE2.pas"/>
        <DCCReference Include="deps\GR32\GR32.Blur.pas"/>
        <DCCReference Include="deps\GR32\GR32.Blur.RecursiveGaussian.pas"/>
        <DCCReference Include="deps\GR32\GR32.Blur.SelectiveGaussian.pas"/>
        <DCCReference Include="deps\GR32\GR32.CPUID.pas"/>
        <DCCReference Include="deps\GR32\GR32.ImageFormats.BMP.pas"/>
        <DCCReference Include="deps\GR32\GR32.ImageFormats.Default.pas"/>
        <DCCReference Include="deps\GR32\GR32.ImageFormats.pas"/>
        <DCCReference Include="deps\GR32\GR32.ImageFormats.PNG32.pas"/>
        <DCCReference Include="deps\GR32\GR32.ImageFormats.TBitmap.pas"/>
        <DCCReference Include="deps\GR32\GR32.ImageFormats.TClipboard.pas"/>
        <DCCReference Include="deps\GR32\GR32.ImageFormats.TGraphic.pas"/>
        <DCCReference Include="deps\GR32\GR32.ImageFormats.TIcon.pas"/>
        <DCCReference Include="deps\GR32\GR32.ImageFormats.TMetaFile.pas"/>
        <DCCReference Include="deps\GR32\GR32.ImageFormats.TPicture.pas"/>
        <DCCReference Include="deps\GR32\GR32.ImageFormats.TWICImage.pas"/>
        <DCCReference Include="deps\GR32\GR32.Math.Complex.pas"/>
        <DCCReference Include="deps\GR32\GR32.pas"/>
        <DCCReference Include="deps\GR32\GR32.Text.Cache.pas"/>
        <DCCReference Include="deps\GR32\GR32.Text.FontFace.pas"/>
        <DCCReference Include="deps\GR32\GR32.Text.Layout.pas"/>
        <DCCReference Include="deps\GR32\GR32.Text.Types.pas"/>
        <DCCReference Include="deps\GR32\GR32.Text.Unicode.pas"/>
        <DCCReference Include="deps\GR32\GR32.Text.Win.pas"/>
        <DCCReference Include="deps\GR32\GR32.Transpose.pas"/>
        <DCCReference Include="deps\GR32\GR32.Types.SIMD.pas"/>
        <DCCReference Include="deps\GR32\GR32_ArrowHeads.pas"/>
        <DCCReference Include="deps\GR32\GR32_Backends.pas"/>
        <DCCReference Include="deps\GR32\GR32_Backends_Generic.pas"/>
        <DCCReference Include="deps\GR32\GR32_Backends_VCL.pas"/>
        <DCCReference Include="deps\GR32\GR32_Bindings.pas"/>
        <DCCReference Include="deps\GR32\GR32_Blend.pas"/>
        <DCCReference Include="deps\GR32\GR32_Blurs.pas"/>
        <DCCReference Include="deps\GR32\GR32_Brushes.pas"/>
        <DCCReference Include="deps\GR32\GR32_Clipboard.pas"/>
        <DCCReference Include="deps\GR32\GR32_ColorGradients.pas"/>
        <DCCReference Include="deps\GR32\GR32_ColorPicker.pas"/>
        <DCCReference Include="deps\GR32\GR32_ColorSwatch.pas"/>
        <DCCReference Include="deps\GR32\GR32_Containers.pas"/>
        <DCCReference Include="deps\GR32\GR32_ExtImage.pas"/>
        <DCCReference Include="deps\GR32\GR32_Filters.pas"/>
        <DCCReference Include="deps\GR32\GR32_Gamma.pas"/>
        <DCCReference Include="deps\GR32\GR32_Geometry.pas"/>
        <DCCReference Include="deps\GR32\GR32_Image.pas"/>
        <DCCReference Include="deps\GR32\GR32_Layers.pas"/>
        <DCCReference Include="deps\GR32\GR32_LowLevel.pas"/>
        <DCCReference Include="deps\GR32\GR32_Math.pas"/>
        <DCCReference Include="deps\GR32\GR32_MicroTiles.pas"/>
        <DCCReference Include="deps\GR32\GR32_OrdinalMaps.pas"/>
        <DCCReference Include="deps\GR32\GR32_Paths.pas"/>
        <DCCReference Include="deps\GR32\GR32_Png.pas"/>
        <DCCReference Include="deps\GR32\GR32_Polygons.pas"/>
        <DCCReference Include="deps\GR32\GR32_PortableNetworkGraphic.pas"/>
        <DCCReference Include="deps\GR32\GR32_RangeBars.pas"/>
        <DCCReference Include="deps\GR32\GR32_Rasterizers.pas"/>
        <DCCReference Include="deps\GR32\GR32_RepaintOpt.pas"/>
        <DCCReference Include="deps\GR32\GR32_Resamplers.pas"/>
        <DCCReference Include="deps\GR32\GR32_System.pas"/>
        <DCCReference Include="deps\GR32\GR32_Transforms.pas"/>
        <DCCReference Include="deps\GR32\GR32_VectorMaps.pas"/>
        <DCCReference Include="deps\GR32\GR32_VectorUtils.pas"/>
        <DCCReference Include="deps\GR32\GR32_VectorUtils.Reference.pas"/>
        <DCCReference Include="deps\GR32\GR32_VPR.pas"/>
        <BuildConfiguration Include="Base">
            <Key>Base</Key>
        </BuildConfiguration>
        <BuildConfiguration Include="Debug">
            <Key>Cfg_1</Key>
            <CfgParent>Base</CfgParent>
        </BuildConfiguration>
        <BuildConfiguration Include="Release">
            <Key>Cfg_2</Key>
            <CfgParent>Base</CfgParent>
        </BuildConfiguration>
    </ItemGroup>
    <ProjectExtensions>
        <Borland.Personality>Delphi.Personality.12</Borland.Personality>
        <Borland.ProjectType>Package</Borland.ProjectType>
        <BorlandProject>
            <Delphi.Personality>
                <Source>
                    <Source Name="MainSource">AcrylicComponents.dpk</Source>
                </Source>
                <Excluded_Packages>
                    <Excluded_Packages Name="$(BDSBIN)\dcloffice2k290.bpl">Microsoft Office 2000 Sample Automation Server Wrapper Components</Excluded_Packages>
                    <Excluded_Packages Name="$(BDSBIN)\dclofficexp290.bpl">Microsoft Office XP Sample Automation Server Wrapper Components</Excluded_Packages>
                </Excluded_Packages>
            </Delphi.Personality>
            <Deployment Version="4"/>
            <Platforms>
                <Platform value="Win32">True</Platform>
                <Platform value="Win64">True</Platform>
                <Platform value="Win64x">False</Platform>
            </Platforms>
        </BorlandProject>
        <ProjectFileVersion>12</ProjectFileVersion>
    </ProjectExtensions>
    <Import Project="$(BDS)\Bin\CodeGear.Delphi.Targets" Condition="Exists('$(BDS)\Bin\CodeGear.Delphi.Targets')"/>
    <Import Project="$(APPDATA)\Embarcadero\$(BDSAPPDATABASEDIR)\$(PRODUCTVERSION)\UserTools.proj" Condition="Exists('$(APPDATA)\Embarcadero\$(BDSAPPDATABASEDIR)\$(PRODUCTVERSION)\UserTools.proj')"/>
    <Import Project="$(MSBuildProjectName).deployproj" Condition="Exists('$(MSBuildProjectName).deployproj')"/>
    <PropertyGroup Condition="'$(Config)'=='Debug' And '$(Platform)'=='Win32'">
        <PreBuildEvent/>
        <PreBuildEventIgnoreExitCode>False</PreBuildEventIgnoreExitCode>
        <PreLinkEvent/>
        <PreLinkEventIgnoreExitCode>False</PreLinkEventIgnoreExitCode>
        <PostBuildEvent>xcopy src\*.dfm &quot;$(BDSLIB)\$(Platform)\release\&quot; /sy</PostBuildEvent>
        <PostBuildEventIgnoreExitCode>False</PostBuildEventIgnoreExitCode>
    </PropertyGroup>
    <PropertyGroup Condition="'$(Config)'=='Debug' And '$(Platform)'=='Win64'">
        <PreBuildEvent/>
        <PreBuildEventIgnoreExitCode>False</PreBuildEventIgnoreExitCode>
        <PreLinkEvent/>
        <PreLinkEventIgnoreExitCode>False</PreLinkEventIgnoreExitCode>
        <PostBuildEvent>xcopy src\*.dfm &quot;$(BDSLIB)\$(Platform)\release\&quot; /sy</PostBuildEvent>
        <PostBuildEventIgnoreExitCode>False</PostBuildEventIgnoreExitCode>
    </PropertyGroup>
    <PropertyGroup Condition="'$(Config)'=='Debug' And '$(Platform)'=='Win64x'">
        <PreBuildEvent/>
        <PreBuildEventIgnoreExitCode>False</PreBuildEventIgnoreExitCode>
        <PreLinkEvent/>
        <PreLinkEventIgnoreExitCode>False</PreLinkEventIgnoreExitCode>
        <PostBuildEvent>xcopy src\*.dfm &quot;$(BDSLIB)\$(Platform)\release\&quot; /sy</PostBuildEvent>
        <PostBuildEventIgnoreExitCode>False</PostBuildEventIgnoreExitCode>
    </PropertyGroup>
    <PropertyGroup Condition="'$(Config)'=='Release' And '$(Platform)'=='Win32'">
        <PreBuildEvent/>
        <PreBuildEventIgnoreExitCode>False</PreBuildEventIgnoreExitCode>
        <PreLinkEvent/>
        <PreLinkEventIgnoreExitCode>False</PreLinkEventIgnoreExitCode>
        <PostBuildEvent>xcopy src\*.dfm &quot;$(BDSLIB)\$(Platform)\release\&quot; /sy</PostBuildEvent>
        <PostBuildEventIgnoreExitCode>False</PostBuildEventIgnoreExitCode>
    </PropertyGroup>
    <PropertyGroup Condition="'$(Config)'=='Release' And '$(Platform)'=='Win64'">
        <PreBuildEvent/>
        <PreBuildEventIgnoreExitCode>False</PreBuildEventIgnoreExitCode>
        <PreLinkEvent/>
        <PreLinkEventIgnoreExitCode>False</PreLinkEventIgnoreExitCode>
        <PostBuildEvent>xcopy src\*.dfm &quot;$(BDSLIB)\$(Platform)\release\&quot; /sy</PostBuildEvent>
        <PostBuildEventIgnoreExitCode>False</PostBuildEventIgnoreExitCode>
    </PropertyGroup>
    <PropertyGroup Condition="'$(Config)'=='Release' And '$(Platform)'=='Win64x'">
        <PreBuildEvent/>
        <PreBuildEventIgnoreExitCode>False</PreBuildEventIgnoreExitCode>
        <PreLinkEvent/>
        <PreLinkEventIgnoreExitCode>False</PreLinkEventIgnoreExitCode>
        <PostBuildEvent>xcopy src\*.dfm &quot;$(BDSLIB)\$(Platform)\release\&quot; /sy</PostBuildEvent>
        <PostBuildEventIgnoreExitCode>False</PostBuildEventIgnoreExitCode>
    </PropertyGroup>
</Project>
